// !$*UTF8*$!
{
	archiveVersion = 1;
	classes = {
	};
	objectVersion = 56;
	objects = {

/* Begin PBXBuildFile section */
		A6F151A7296C7F08001F0A05 /* SplashScreen.swift in Sources */ = {isa = PBXBuildFile; fileRef = A6F151A6296C7F08001F0A05 /* SplashScreen.swift */; };
		EA0D8DC629680A6400F0BE5F /* ElementsBox.swift in Sources */ = {isa = PBXBuildFile; fileRef = EA0D8DC529680A6400F0BE5F /* ElementsBox.swift */; };
		EA0D8DC929680AED00F0BE5F /* Extension+Color.swift in Sources */ = {isa = PBXBuildFile; fileRef = EA0D8DC829680AEC00F0BE5F /* Extension+Color.swift */; };
		EA0D8DCD29680C8200F0BE5F /* BookList.swift in Sources */ = {isa = PBXBuildFile; fileRef = EA0D8DCC29680C8200F0BE5F /* BookList.swift */; };
		EA0D8DCF29680CCE00F0BE5F /* BookTable.swift in Sources */ = {isa = PBXBuildFile; fileRef = EA0D8DCE29680CCE00F0BE5F /* BookTable.swift */; };
		EA26C0242968660C002BDDCA /* BookContentVC.swift in Sources */ = {isa = PBXBuildFile; fileRef = EA26C0232968660C002BDDCA /* BookContentVC.swift */; };
		EA99ABFA2967DD11008E3AE1 /* BookReaderSwiftUIApp.swift in Sources */ = {isa = PBXBuildFile; fileRef = EA99ABF92967DD11008E3AE1 /* BookReaderSwiftUIApp.swift */; };
		EA99ABFC2967DD11008E3AE1 /* ContentView.swift in Sources */ = {isa = PBXBuildFile; fileRef = EA99ABFB2967DD11008E3AE1 /* ContentView.swift */; };
		EA99ABFE2967DD14008E3AE1 /* Assets.xcassets in Resources */ = {isa = PBXBuildFile; fileRef = EA99ABFD2967DD14008E3AE1 /* Assets.xcassets */; };
		EA99AC012967DD14008E3AE1 /* Preview Assets.xcassets in Resources */ = {isa = PBXBuildFile; fileRef = EA99AC002967DD14008E3AE1 /* Preview Assets.xcassets */; };
		EA99AC092967DF0D008E3AE1 /* Localizable.strings in Resources */ = {isa = PBXBuildFile; fileRef = EA99AC0B2967DF0D008E3AE1 /* Localizable.strings */; };
		EA99AC0E2967E8D3008E3AE1 /* ElementsView.swift in Sources */ = {isa = PBXBuildFile; fileRef = EA99AC0D2967E8D3008E3AE1 /* ElementsView.swift */; };
		EAA81FAD2968815A00F683FC /* SettingsView.swift in Sources */ = {isa = PBXBuildFile; fileRef = EAA81FAC2968815A00F683FC /* SettingsView.swift */; };
		EAA81FAF296881CF00F683FC /* AppSettings.swift in Sources */ = {isa = PBXBuildFile; fileRef = EAA81FAE296881CF00F683FC /* AppSettings.swift */; };
		EAA81FB12968831F00F683FC /* View+RoundedCorners.swift in Sources */ = {isa = PBXBuildFile; fileRef = EAA81FB02968831F00F683FC /* View+RoundedCorners.swift */; };
/* End PBXBuildFile section */

/* Begin PBXFileReference section */
		A6F151A6296C7F08001F0A05 /* SplashScreen.swift */ = {isa = PBXFileReference; lastKnownFileType = sourcecode.swift; path = SplashScreen.swift; sourceTree = "<group>"; };
		EA0D8DC529680A6400F0BE5F /* ElementsBox.swift */ = {isa = PBXFileReference; lastKnownFileType = sourcecode.swift; path = ElementsBox.swift; sourceTree = "<group>"; };
		EA0D8DC829680AEC00F0BE5F /* Extension+Color.swift */ = {isa = PBXFileReference; lastKnownFileType = sourcecode.swift; name = "Extension+Color.swift"; path = "BookReaderSwiftUI/Extension+Color.swift"; sourceTree = SOURCE_ROOT; };
		EA0D8DCC29680C8200F0BE5F /* BookList.swift */ = {isa = PBXFileReference; lastKnownFileType = sourcecode.swift; path = BookList.swift; sourceTree = "<group>"; };
		EA0D8DCE29680CCE00F0BE5F /* BookTable.swift */ = {isa = PBXFileReference; lastKnownFileType = sourcecode.swift; path = BookTable.swift; sourceTree = "<group>"; };
		EA26C0232968660C002BDDCA /* BookContentVC.swift */ = {isa = PBXFileReference; lastKnownFileType = sourcecode.swift; path = BookContentVC.swift; sourceTree = "<group>"; };
		EA99ABF62967DD11008E3AE1 /* BookReaderSwiftUI.app */ = {isa = PBXFileReference; explicitFileType = wrapper.application; includeInIndex = 0; path = BookReaderSwiftUI.app; sourceTree = BUILT_PRODUCTS_DIR; };
		EA99ABF92967DD11008E3AE1 /* BookReaderSwiftUIApp.swift */ = {isa = PBXFileReference; lastKnownFileType = sourcecode.swift; path = BookReaderSwiftUIApp.swift; sourceTree = "<group>"; };
		EA99ABFB2967DD11008E3AE1 /* ContentView.swift */ = {isa = PBXFileReference; lastKnownFileType = sourcecode.swift; path = ContentView.swift; sourceTree = "<group>"; };
		EA99ABFD2967DD14008E3AE1 /* Assets.xcassets */ = {isa = PBXFileReference; lastKnownFileType = folder.assetcatalog; path = Assets.xcassets; sourceTree = "<group>"; };
		EA99AC002967DD14008E3AE1 /* Preview Assets.xcassets */ = {isa = PBXFileReference; lastKnownFileType = folder.assetcatalog; path = "Preview Assets.xcassets"; sourceTree = "<group>"; };
		EA99AC0A2967DF0D008E3AE1 /* ar */ = {isa = PBXFileReference; lastKnownFileType = text.plist.strings; name = ar; path = ar.lproj/Localizable.strings; sourceTree = "<group>"; };
		EA99AC0C2967DF16008E3AE1 /* en */ = {isa = PBXFileReference; lastKnownFileType = text.plist.strings; name = en; path = en.lproj/Localizable.strings; sourceTree = "<group>"; };
		EA99AC0D2967E8D3008E3AE1 /* ElementsView.swift */ = {isa = PBXFileReference; lastKnownFileType = sourcecode.swift; path = ElementsView.swift; sourceTree = "<group>"; };
		EAA81FAC2968815A00F683FC /* SettingsView.swift */ = {isa = PBXFileReference; lastKnownFileType = sourcecode.swift; path = SettingsView.swift; sourceTree = "<group>"; };
		EAA81FAE296881CF00F683FC /* AppSettings.swift */ = {isa = PBXFileReference; lastKnownFileType = sourcecode.swift; path = AppSettings.swift; sourceTree = "<group>"; };
		EAA81FB02968831F00F683FC /* View+RoundedCorners.swift */ = {isa = PBXFileReference; lastKnownFileType = sourcecode.swift; path = "View+RoundedCorners.swift"; sourceTree = "<group>"; };
/* End PBXFileReference section */

/* Begin PBXFrameworksBuildPhase section */
		EA99ABF32967DD11008E3AE1 /* Frameworks */ = {
			isa = PBXFrameworksBuildPhase;
			buildActionMask = 2147483647;
			files = (
			);
			runOnlyForDeploymentPostprocessing = 0;
		};
/* End PBXFrameworksBuildPhase section */

/* Begin PBXGroup section */
		EA0D8DC729680AA600F0BE5F /* BookExtension+Color */ = {
			isa = PBXGroup;
			children = (
				EAA81FB02968831F00F683FC /* View+RoundedCorners.swift */,
				EA0D8DC829680AEC00F0BE5F /* Extension+Color.swift */,
			);
			name = "BookExtension+Color";
			path = "New Group";
			sourceTree = "<group>";
		};
		EA0D8DCA29680B1B00F0BE5F /* Views */ = {
			isa = PBXGroup;
			children = (
				EA99AC0D2967E8D3008E3AE1 /* ElementsView.swift */,
				EA0D8DCC29680C8200F0BE5F /* BookList.swift */,
				EAA81FAE296881CF00F683FC /* AppSettings.swift */,
			);
			path = Views;
			sourceTree = "<group>";
		};
		EA3B59E029680319006FB4A5 /* Model */ = {
			isa = PBXGroup;
			children = (
				EA0D8DC529680A6400F0BE5F /* ElementsBox.swift */,
				EA0D8DCE29680CCE00F0BE5F /* BookTable.swift */,
			);
			path = Model;
			sourceTree = "<group>";
		};
		EA99ABED2967DD11008E3AE1 = {
			isa = PBXGroup;
			children = (
				EA99ABF82967DD11008E3AE1 /* BookReaderSwiftUI */,
				EA99ABF72967DD11008E3AE1 /* Products */,
			);
			sourceTree = "<group>";
		};
		EA99ABF72967DD11008E3AE1 /* Products */ = {
			isa = PBXGroup;
			children = (
				EA99ABF62967DD11008E3AE1 /* BookReaderSwiftUI.app */,
			);
			name = Products;
			sourceTree = "<group>";
		};
		EA99ABF82967DD11008E3AE1 /* BookReaderSwiftUI */ = {
			isa = PBXGroup;
			children = (
				EA0D8DC729680AA600F0BE5F /* BookExtension+Color */,
				EA3B59E029680319006FB4A5 /* Model */,
				EA0D8DCA29680B1B00F0BE5F /* Views */,
				EA99ABF92967DD11008E3AE1 /* BookReaderSwiftUIApp.swift */,
				EA26C0232968660C002BDDCA /* BookContentVC.swift */,
				EAA81FAC2968815A00F683FC /* SettingsView.swift */,
				EA99ABFB2967DD11008E3AE1 /* ContentView.swift */,
				A6F151A6296C7F08001F0A05 /* SplashScreen.swift */,
				EA99ABFD2967DD14008E3AE1 /* Assets.xcassets */,
				EA99ABFF2967DD14008E3AE1 /* Preview Content */,
				EA99AC0B2967DF0D008E3AE1 /* Localizable.strings */,
			);
			path = BookReaderSwiftUI;
			sourceTree = "<group>";
		};
		EA99ABFF2967DD14008E3AE1 /* Preview Content */ = {
			isa = PBXGroup;
			children = (
				EA99AC002967DD14008E3AE1 /* Preview Assets.xcassets */,
			);
			path = "Preview Content";
			sourceTree = "<group>";
		};
/* End PBXGroup section */

/* Begin PBXNativeTarget section */
		EA99ABF52967DD11008E3AE1 /* BookReaderSwiftUI */ = {
			isa = PBXNativeTarget;
			buildConfigurationList = EA99AC042967DD14008E3AE1 /* Build configuration list for PBXNativeTarget "BookReaderSwiftUI" */;
			buildPhases = (
				EA99ABF22967DD11008E3AE1 /* Sources */,
				EA99ABF32967DD11008E3AE1 /* Frameworks */,
				EA99ABF42967DD11008E3AE1 /* Resources */,
			);
			buildRules = (
			);
			dependencies = (
			);
			name = BookReaderSwiftUI;
			productName = BookReaderSwiftUI;
			productReference = EA99ABF62967DD11008E3AE1 /* BookReaderSwiftUI.app */;
			productType = "com.apple.product-type.application";
		};
/* End PBXNativeTarget section */

/* Begin PBXProject section */
		EA99ABEE2967DD11008E3AE1 /* Project object */ = {
			isa = PBXProject;
			attributes = {
				BuildIndependentTargetsInParallel = 1;
				LastSwiftUpdateCheck = 1410;
				LastUpgradeCheck = 1410;
				TargetAttributes = {
					EA99ABF52967DD11008E3AE1 = {
						CreatedOnToolsVersion = 14.1;
					};
				};
			};
			buildConfigurationList = EA99ABF12967DD11008E3AE1 /* Build configuration list for PBXProject "BookReaderSwiftUI" */;
			compatibilityVersion = "Xcode 14.0";
			developmentRegion = en;
			hasScannedForEncodings = 0;
			knownRegions = (
				en,
				Base,
				ar,
			);
			mainGroup = EA99ABED2967DD11008E3AE1;
			productRefGroup = EA99ABF72967DD11008E3AE1 /* Products */;
			projectDirPath = "";
			projectRoot = "";
			targets = (
				EA99ABF52967DD11008E3AE1 /* BookReaderSwiftUI */,
			);
		};
/* End PBXProject section */

/* Begin PBXResourcesBuildPhase section */
		EA99ABF42967DD11008E3AE1 /* Resources */ = {
			isa = PBXResourcesBuildPhase;
			buildActionMask = 2147483647;
			files = (
				EA99AC012967DD14008E3AE1 /* Preview Assets.xcassets in Resources */,
				EA99AC092967DF0D008E3AE1 /* Localizable.strings in Resources */,
				EA99ABFE2967DD14008E3AE1 /* Assets.xcassets in Resources */,
			);
			runOnlyForDeploymentPostprocessing = 0;
		};
/* End PBXResourcesBuildPhase section */

/* Begin PBXSourcesBuildPhase section */
		EA99ABF22967DD11008E3AE1 /* Sources */ = {
			isa = PBXSourcesBuildPhase;
			buildActionMask = 2147483647;
			files = (
				A6F151A7296C7F08001F0A05 /* SplashScreen.swift in Sources */,
				EA0D8DCD29680C8200F0BE5F /* BookList.swift in Sources */,
				EA99ABFC2967DD11008E3AE1 /* ContentView.swift in Sources */,
				EA99AC0E2967E8D3008E3AE1 /* ElementsView.swift in Sources */,
				EAA81FAD2968815A00F683FC /* SettingsView.swift in Sources */,
				EA0D8DC929680AED00F0BE5F /* Extension+Color.swift in Sources */,
				EA0D8DC629680A6400F0BE5F /* ElementsBox.swift in Sources */,
				EA26C0242968660C002BDDCA /* BookContentVC.swift in Sources */,
				EAA81FB12968831F00F683FC /* View+RoundedCorners.swift in Sources */,
				EA0D8DCF29680CCE00F0BE5F /* BookTable.swift in Sources */,
				EAA81FAF296881CF00F683FC /* AppSettings.swift in Sources */,
				EA99ABFA2967DD11008E3AE1 /* BookReaderSwiftUIApp.swift in Sources */,
			);
			runOnlyForDeploymentPostprocessing = 0;
		};
/* End PBXSourcesBuildPhase section */

/* Begin PBXVariantGroup section */
		EA99AC0B2967DF0D008E3AE1 /* Localizable.strings */ = {
			isa = PBXVariantGroup;
			children = (
				EA99AC0A2967DF0D008E3AE1 /* ar */,
				EA99AC0C2967DF16008E3AE1 /* en */,
			);
			name = Localizable.strings;
			sourceTree = "<group>";
		};
/* End PBXVariantGroup section */

/* Begin XCBuildConfiguration section */
		EA99AC022967DD14008E3AE1 /* Debug */ = {
			isa = XCBuildConfiguration;
			buildSettings = {
				ALWAYS_SEARCH_USER_PATHS = NO;
				CLANG_ANALYZER_NONNULL = YES;
				CLANG_ANALYZER_NUMBER_OBJECT_CONVERSION = YES_AGGRESSIVE;
				CLANG_CXX_LANGUAGE_STANDARD = "gnu++20";
				CLANG_ENABLE_MODULES = YES;
				CLANG_ENABLE_OBJC_ARC = YES;
				CLANG_ENABLE_OBJC_WEAK = YES;
				CLANG_WARN_BLOCK_CAPTURE_AUTORELEASING = YES;
				CLANG_WARN_BOOL_CONVERSION = YES;
				CLANG_WARN_COMMA = YES;
				CLANG_WARN_CONSTANT_CONVERSION = YES;
				CLANG_WARN_DEPRECATED_OBJC_IMPLEMENTATIONS = YES;
				CLANG_WARN_DIRECT_OBJC_ISA_USAGE = YES_ERROR;
				CLANG_WARN_DOCUMENTATION_COMMENTS = YES;
				CLANG_WARN_EMPTY_BODY = YES;
				CLANG_WARN_ENUM_CONVERSION = YES;
				CLANG_WARN_INFINITE_RECURSION = YES;
				CLANG_WARN_INT_CONVERSION = YES;
				CLANG_WARN_NON_LITERAL_NULL_CONVERSION = YES;
				CLANG_WARN_OBJC_IMPLICIT_RETAIN_SELF = YES;
				CLANG_WARN_OBJC_LITERAL_CONVERSION = YES;
				CLANG_WARN_OBJC_ROOT_CLASS = YES_ERROR;
				CLANG_WARN_QUOTED_INCLUDE_IN_FRAMEWORK_HEADER = YES;
				CLANG_WARN_RANGE_LOOP_ANALYSIS = YES;
				CLANG_WARN_STRICT_PROTOTYPES = YES;
				CLANG_WARN_SUSPICIOUS_MOVE = YES;
				CLANG_WARN_UNGUARDED_AVAILABILITY = YES_AGGRESSIVE;
				CLANG_WARN_UNREACHABLE_CODE = YES;
				CLANG_WARN__DUPLICATE_METHOD_MATCH = YES;
				COPY_PHASE_STRIP = NO;
				DEBUG_INFORMATION_FORMAT = dwarf;
				ENABLE_STRICT_OBJC_MSGSEND = YES;
				ENABLE_TESTABILITY = YES;
				GCC_C_LANGUAGE_STANDARD = gnu11;
				GCC_DYNAMIC_NO_PIC = NO;
				GCC_NO_COMMON_BLOCKS = YES;
				GCC_OPTIMIZATION_LEVEL = 0;
				GCC_PREPROCESSOR_DEFINITIONS = (
					"DEBUG=1",
					"$(inherited)",
				);
				GCC_WARN_64_TO_32_BIT_CONVERSION = YES;
				GCC_WARN_ABOUT_RETURN_TYPE = YES_ERROR;
				GCC_WARN_UNDECLARED_SELECTOR = YES;
				GCC_WARN_UNINITIALIZED_AUTOS = YES_AGGRESSIVE;
				GCC_WARN_UNUSED_FUNCTION = YES;
				GCC_WARN_UNUSED_VARIABLE = YES;
				IPHONEOS_DEPLOYMENT_TARGET = 16.1;
				MTL_ENABLE_DEBUG_INFO = INCLUDE_SOURCE;
				MTL_FAST_MATH = YES;
				ONLY_ACTIVE_ARCH = YES;
				SDKROOT = iphoneos;
				SWIFT_ACTIVE_COMPILATION_CONDITIONS = DEBUG;
				SWIFT_OPTIMIZATION_LEVEL = "-Onone";
			};
			name = Debug;
		};
		EA99AC032967DD14008E3AE1 /* Release */ = {
			isa = XCBuildConfiguration;
			buildSettings = {
				ALWAYS_SEARCH_USER_PATHS = NO;
				CLANG_ANALYZER_NONNULL = YES;
				CLANG_ANALYZER_NUMBER_OBJECT_CONVERSION = YES_AGGRESSIVE;
				CLANG_CXX_LANGUAGE_STANDARD = "gnu++20";
				CLANG_ENABLE_MODULES = YES;
				CLANG_ENABLE_OBJC_ARC = YES;
				CLANG_ENABLE_OBJC_WEAK = YES;
				CLANG_WARN_BLOCK_CAPTURE_AUTORELEASING = YES;
				CLANG_WARN_BOOL_CONVERSION = YES;
				CLANG_WARN_COMMA = YES;
				CLANG_WARN_CONSTANT_CONVERSION = YES;
				CLANG_WARN_DEPRECATED_OBJC_IMPLEMENTATIONS = YES;
				CLANG_WARN_DIRECT_OBJC_ISA_USAGE = YES_ERROR;
				CLANG_WARN_DOCUMENTATION_COMMENTS = YES;
				CLANG_WARN_EMPTY_BODY = YES;
				CLANG_WARN_ENUM_CONVERSION = YES;
				CLANG_WARN_INFINITE_RECURSION = YES;
				CLANG_WARN_INT_CONVERSION = YES;
				CLANG_WARN_NON_LITERAL_NULL_CONVERSION = YES;
				CLANG_WARN_OBJC_IMPLICIT_RETAIN_SELF = YES;
				CLANG_WARN_OBJC_LITERAL_CONVERSION = YES;
				CLANG_WARN_OBJC_ROOT_CLASS = YES_ERROR;
				CLANG_WARN_QUOTED_INCLUDE_IN_FRAMEWORK_HEADER = YES;
				CLANG_WARN_RANGE_LOOP_ANALYSIS = YES;
				CLANG_WARN_STRICT_PROTOTYPES = YES;
				CLANG_WARN_SUSPICIOUS_MOVE = YES;
				CLANG_WARN_UNGUARDED_AVAILABILITY = YES_AGGRESSIVE;
				CLANG_WARN_UNREACHABLE_CODE = YES;
				CLANG_WARN__DUPLICATE_METHOD_MATCH = YES;
				COPY_PHASE_STRIP = NO;
				DEBUG_INFORMATION_FORMAT = "dwarf-with-dsym";
				ENABLE_NS_ASSERTIONS = NO;
				ENABLE_STRICT_OBJC_MSGSEND = YES;
				GCC_C_LANGUAGE_STANDARD = gnu11;
				GCC_NO_COMMON_BLOCKS = YES;
				GCC_WARN_64_TO_32_BIT_CONVERSION = YES;
				GCC_WARN_ABOUT_RETURN_TYPE = YES_ERROR;
				GCC_WARN_UNDECLARED_SELECTOR = YES;
				GCC_WARN_UNINITIALIZED_AUTOS = YES_AGGRESSIVE;
				GCC_WARN_UNUSED_FUNCTION = YES;
				GCC_WARN_UNUSED_VARIABLE = YES;
				IPHONEOS_DEPLOYMENT_TARGET = 16.1;
				MTL_ENABLE_DEBUG_INFO = NO;
				MTL_FAST_MATH = YES;
				SDKROOT = iphoneos;
				SWIFT_COMPILATION_MODE = wholemodule;
				SWIFT_OPTIMIZATION_LEVEL = "-O";
				VALIDATE_PRODUCT = YES;
			};
			name = Release;
		};
		EA99AC052967DD14008E3AE1 /* Debug */ = {
			isa = XCBuildConfiguration;
			buildSettings = {
				ASSETCATALOG_COMPILER_APPICON_NAME = AppIcon;
				ASSETCATALOG_COMPILER_GLOBAL_ACCENT_COLOR_NAME = AccentColor;
				CODE_SIGN_STYLE = Automatic;
				CURRENT_PROJECT_VERSION = 1;
				DEVELOPMENT_ASSET_PATHS = "\"BookReaderSwiftUI/Preview Content\"";
				DEVELOPMENT_TEAM = UCYZ29B27G;
				ENABLE_PREVIEWS = YES;
				GENERATE_INFOPLIST_FILE = YES;
				INFOPLIST_KEY_UIApplicationSceneManifest_Generation = YES;
				INFOPLIST_KEY_UIApplicationSupportsIndirectInputEvents = YES;
				INFOPLIST_KEY_UILaunchScreen_Generation = YES;
				INFOPLIST_KEY_UISupportedInterfaceOrientations_iPad = "UIInterfaceOrientationPortrait UIInterfaceOrientationPortraitUpsideDown UIInterfaceOrientationLandscapeLeft UIInterfaceOrientationLandscapeRight";
				INFOPLIST_KEY_UISupportedInterfaceOrientations_iPhone = "UIInterfaceOrientationPortrait UIInterfaceOrientationLandscapeLeft UIInterfaceOrientationLandscapeRight";
				LD_RUNPATH_SEARCH_PATHS = (
					"$(inherited)",
					"@executable_path/Frameworks",
				);
				MARKETING_VERSION = 1.0;
				PRODUCT_BUNDLE_IDENTIFIER = com.Omar.BookReaderSwiftUI;
				PRODUCT_NAME = "$(TARGET_NAME)";
				SWIFT_EMIT_LOC_STRINGS = YES;
				SWIFT_VERSION = 5.0;
				TARGETED_DEVICE_FAMILY = "1,2";
			};
			name = Debug;
		};
		EA99AC062967DD14008E3AE1 /* Release */ = {
			isa = XCBuildConfiguration;
			buildSettings = {
				ASSETCATALOG_COMPILER_APPICON_NAME = AppIcon;
				ASSETCATALOG_COMPILER_GLOBAL_ACCENT_COLOR_NAME = AccentColor;
				CODE_SIGN_STYLE = Automatic;
				CURRENT_PROJECT_VERSION = 1;
				DEVELOPMENT_ASSET_PATHS = "\"BookReaderSwiftUI/Preview Content\"";
				DEVELOPMENT_TEAM = UCYZ29B27G;
				ENABLE_PREVIEWS = YES;
				GENERATE_INFOPLIST_FILE = YES;
				INFOPLIST_KEY_UIApplicationSceneManifest_Generation = YES;
				INFOPLIST_KEY_UIApplicationSupportsIndirectInputEvents = YES;
				INFOPLIST_KEY_UILaunchScreen_Generation = YES;
				INFOPLIST_KEY_UISupportedInterfaceOrientations_iPad = "UIInterfaceOrientationPortrait UIInterfaceOrientationPortraitUpsideDown UIInterfaceOrientationLandscapeLeft UIInterfaceOrientationLandscapeRight";
				INFOPLIST_KEY_UISupportedInterfaceOrientations_iPhone = "UIInterfaceOrientationPortrait UIInterfaceOrientationLandscapeLeft UIInterfaceOrientationLandscapeRight";
				LD_RUNPATH_SEARCH_PATHS = (
					"$(inherited)",
					"@executable_path/Frameworks",
				);
				MARKETING_VERSION = 1.0;
				PRODUCT_BUNDLE_IDENTIFIER = com.Omar.BookReaderSwiftUI;
				PRODUCT_NAME = "$(TARGET_NAME)";
				SWIFT_EMIT_LOC_STRINGS = YES;
				SWIFT_VERSION = 5.0;
				TARGETED_DEVICE_FAMILY = "1,2";
			};
			name = Release;
		};
/* End XCBuildConfiguration section */

/* Begin XCConfigurationList section */
		EA99ABF12967DD11008E3AE1 /* Build configuration list for PBXProject "BookReaderSwiftUI" */ = {
			isa = XCConfigurationList;
			buildConfigurations = (
				EA99AC022967DD14008E3AE1 /* Debug */,
				EA99AC032967DD14008E3AE1 /* Release */,
			);
			defaultConfigurationIsVisible = 0;
			defaultConfigurationName = Release;
		};
		EA99AC042967DD14008E3AE1 /* Build configuration list for PBXNativeTarget "BookReaderSwiftUI" */ = {
			isa = XCConfigurationList;
			buildConfigurations = (
				EA99AC052967DD14008E3AE1 /* Debug */,
				EA99AC062967DD14008E3AE1 /* Release */,
			);
			defaultConfigurationIsVisible = 0;
			defaultConfigurationName = Release;
		};
/* End XCConfigurationList section */
	};
	rootObject = EA99ABEE2967DD11008E3AE1 /* Project object */;
}
